hash: 49b82cc8a40f0509fc59a7c814e2f597c59e0b846a5b94c145856c54b24c6062
updated: 2016-07-12T17:54:33.548684126+02:00
imports:
- name: github.com/boltdb/bolt
  version: acc803f0ced151102ed51bf824f8709ebd6602bc
- name: github.com/cavaliercoder/grab
  version: 280fff2a414f649f62029dce448963f045380c0a
- name: github.com/julienschmidt/httprouter
  version: 77366a47451a56bb3ba682481eed85b64fea14e8
- name: github.com/nu7hatch/gouuid
  version: 179d4d0c4d8d407a32af483c2354df1d2c91e6c3
- name: github.com/pivotal-golang/bytefmt
  version: 324686575f9498a515062674b02cc0a4fd5de16b
- name: golang.org/x/sys
  version: a408501be4d17ee978c04a618e7a1b22af058c0e
  subpackages:
  - unix
devImports: []
